// !$*UTF8*$!
{
	archiveVersion = 1;
	classes = {
	};
	objectVersion = 50;
	objects = {

/* Begin PBXBuildFile section */
		3EEF65AF222EAF06001E5753 /* AppDelegate.swift in Sources */ = {isa = PBXBuildFile; fileRef = 3EEF65AE222EAF06001E5753 /* AppDelegate.swift */; };
		3EEF65B1222EAF06001E5753 /* ViewController.swift in Sources */ = {isa = PBXBuildFile; fileRef = 3EEF65B0222EAF06001E5753 /* ViewController.swift */; };
		3EEF65B4222EAF06001E5753 /* Main.storyboard in Resources */ = {isa = PBXBuildFile; fileRef = 3EEF65B2222EAF06001E5753 /* Main.storyboard */; };
		3EEF65B6222EAF07001E5753 /* Assets.xcassets in Resources */ = {isa = PBXBuildFile; fileRef = 3EEF65B5222EAF07001E5753 /* Assets.xcassets */; };
		3EEF65B9222EAF07001E5753 /* LaunchScreen.storyboard in Resources */ = {isa = PBXBuildFile; fileRef = 3EEF65B7222EAF07001E5753 /* LaunchScreen.storyboard */; };
		3EEF65C4222EAF07001E5753 /* YMFortuneTellingTests.swift in Sources */ = {isa = PBXBuildFile; fileRef = 3EEF65C3222EAF07001E5753 /* YMFortuneTellingTests.swift */; };
		3EEF65CF222EAF07001E5753 /* YMFortuneTellingUITests.swift in Sources */ = {isa = PBXBuildFile; fileRef = 3EEF65CE222EAF07001E5753 /* YMFortuneTellingUITests.swift */; };
/* End PBXBuildFile section */

/* Begin PBXContainerItemProxy section */
		3EEF65C0222EAF07001E5753 /* PBXContainerItemProxy */ = {
			isa = PBXContainerItemProxy;
			containerPortal = 3EEF65A3222EAF06001E5753 /* Project object */;
			proxyType = 1;
			remoteGlobalIDString = 3EEF65AA222EAF06001E5753;
			remoteInfo = YMFortuneTelling;
		};
		3EEF65CB222EAF07001E5753 /* PBXContainerItemProxy */ = {
			isa = PBXContainerItemProxy;
			containerPortal = 3EEF65A3222EAF06001E5753 /* Project object */;
			proxyType = 1;
			remoteGlobalIDString = 3EEF65AA222EAF06001E5753;
			remoteInfo = YMFortuneTelling;
		};
/* End PBXContainerItemProxy section */

/* Begin PBXFileReference section */
		3EEF65AB222EAF06001E5753 /* YMFortuneTelling.app */ = {isa = PBXFileReference; explicitFileType = wrapper.application; includeInIndex = 0; path = YMFortuneTelling.app; sourceTree = BUILT_PRODUCTS_DIR; };
		3EEF65AE222EAF06001E5753 /* AppDelegate.swift */ = {isa = PBXFileReference; lastKnownFileType = sourcecode.swift; path = AppDelegate.swift; sourceTree = "<group>"; };
		3EEF65B0222EAF06001E5753 /* ViewController.swift */ = {isa = PBXFileReference; lastKnownFileType = sourcecode.swift; path = ViewController.swift; sourceTree = "<group>"; };
		3EEF65B3222EAF06001E5753 /* Base */ = {isa = PBXFileReference; lastKnownFileType = file.storyboard; name = Base; path = Base.lproj/Main.storyboard; sourceTree = "<group>"; };
		3EEF65B5222EAF07001E5753 /* Assets.xcassets */ = {isa = PBXFileReference; lastKnownFileType = folder.assetcatalog; path = Assets.xcassets; sourceTree = "<group>"; };
		3EEF65B8222EAF07001E5753 /* Base */ = {isa = PBXFileReference; lastKnownFileType = file.storyboard; name = Base; path = Base.lproj/LaunchScreen.storyboard; sourceTree = "<group>"; };
		3EEF65BA222EAF07001E5753 /* Info.plist */ = {isa = PBXFileReference; lastKnownFileType = text.plist.xml; path = Info.plist; sourceTree = "<group>"; };
		3EEF65BF222EAF07001E5753 /* YMFortuneTellingTests.xctest */ = {isa = PBXFileReference; explicitFileType = wrapper.cfbundle; includeInIndex = 0; path = YMFortuneTellingTests.xctest; sourceTree = BUILT_PRODUCTS_DIR; };
		3EEF65C3222EAF07001E5753 /* YMFortuneTellingTests.swift */ = {isa = PBXFileReference; lastKnownFileType = sourcecode.swift; path = YMFortuneTellingTests.swift; sourceTree = "<group>"; };
		3EEF65C5222EAF07001E5753 /* Info.plist */ = {isa = PBXFileReference; lastKnownFileType = text.plist.xml; path = Info.plist; sourceTree = "<group>"; };
		3EEF65CA222EAF07001E5753 /* YMFortuneTellingUITests.xctest */ = {isa = PBXFileReference; explicitFileType = wrapper.cfbundle; includeInIndex = 0; path = YMFortuneTellingUITests.xctest; sourceTree = BUILT_PRODUCTS_DIR; };
		3EEF65CE222EAF07001E5753 /* YMFortuneTellingUITests.swift */ = {isa = PBXFileReference; lastKnownFileType = sourcecode.swift; path = YMFortuneTellingUITests.swift; sourceTree = "<group>"; };
		3EEF65D0222EAF07001E5753 /* Info.plist */ = {isa = PBXFileReference; lastKnownFileType = text.plist.xml; path = Info.plist; sourceTree = "<group>"; };
/* End PBXFileReference section */

/* Begin PBXFrameworksBuildPhase section */
		3EEF65A8222EAF06001E5753 /* Frameworks */ = {
			isa = PBXFrameworksBuildPhase;
			buildActionMask = 2147483647;
			files = (
			);
			runOnlyForDeploymentPostprocessing = 0;
		};
		3EEF65BC222EAF07001E5753 /* Frameworks */ = {
			isa = PBXFrameworksBuildPhase;
			buildActionMask = 2147483647;
			files = (
			);
			runOnlyForDeploymentPostprocessing = 0;
		};
		3EEF65C7222EAF07001E5753 /* Frameworks */ = {
			isa = PBXFrameworksBuildPhase;
			buildActionMask = 2147483647;
			files = (
			);
			runOnlyForDeploymentPostprocessing = 0;
		};
/* End PBXFrameworksBuildPhase section */

/* Begin PBXGroup section */
		3EEF65A2222EAF06001E5753 = {
			isa = PBXGroup;
			children = (
				3EEF65AD222EAF06001E5753 /* YMFortuneTelling */,
				3EEF65C2222EAF07001E5753 /* YMFortuneTellingTests */,
				3EEF65CD222EAF07001E5753 /* YMFortuneTellingUITests */,
				3EEF65AC222EAF06001E5753 /* Products */,
			);
			sourceTree = "<group>";
		};
		3EEF65AC222EAF06001E5753 /* Products */ = {
			isa = PBXGroup;
			children = (
				3EEF65AB222EAF06001E5753 /* YMFortuneTelling.app */,
				3EEF65BF222EAF07001E5753 /* YMFortuneTellingTests.xctest */,
				3EEF65CA222EAF07001E5753 /* YMFortuneTellingUITests.xctest */,
			);
			name = Products;
			sourceTree = "<group>";
		};
		3EEF65AD222EAF06001E5753 /* YMFortuneTelling */ = {
			isa = PBXGroup;
			children = (
				3EEF65AE222EAF06001E5753 /* AppDelegate.swift */,
				3EEF65B0222EAF06001E5753 /* ViewController.swift */,
				3EEF65B2222EAF06001E5753 /* Main.storyboard */,
				3EEF65B5222EAF07001E5753 /* Assets.xcassets */,
				3EEF65B7222EAF07001E5753 /* LaunchScreen.storyboard */,
				3EEF65BA222EAF07001E5753 /* Info.plist */,
			);
			path = YMFortuneTelling;
			sourceTree = "<group>";
		};
		3EEF65C2222EAF07001E5753 /* YMFortuneTellingTests */ = {
			isa = PBXGroup;
			children = (
				3EEF65C3222EAF07001E5753 /* YMFortuneTellingTests.swift */,
				3EEF65C5222EAF07001E5753 /* Info.plist */,
			);
			path = YMFortuneTellingTests;
			sourceTree = "<group>";
		};
		3EEF65CD222EAF07001E5753 /* YMFortuneTellingUITests */ = {
			isa = PBXGroup;
			children = (
				3EEF65CE222EAF07001E5753 /* YMFortuneTellingUITests.swift */,
				3EEF65D0222EAF07001E5753 /* Info.plist */,
			);
			path = YMFortuneTellingUITests;
			sourceTree = "<group>";
		};
/* End PBXGroup section */

/* Begin PBXNativeTarget section */
		3EEF65AA222EAF06001E5753 /* YMFortuneTelling */ = {
			isa = PBXNativeTarget;
			buildConfigurationList = 3EEF65D3222EAF07001E5753 /* Build configuration list for PBXNativeTarget "YMFortuneTelling" */;
			buildPhases = (
				3EEF65A7222EAF06001E5753 /* Sources */,
				3EEF65A8222EAF06001E5753 /* Frameworks */,
				3EEF65A9222EAF06001E5753 /* Resources */,
			);
			buildRules = (
			);
			dependencies = (
			);
			name = YMFortuneTelling;
			productName = YMFortuneTelling;
			productReference = 3EEF65AB222EAF06001E5753 /* YMFortuneTelling.app */;
			productType = "com.apple.product-type.application";
		};
		3EEF65BE222EAF07001E5753 /* YMFortuneTellingTests */ = {
			isa = PBXNativeTarget;
			buildConfigurationList = 3EEF65D6222EAF07001E5753 /* Build configuration list for PBXNativeTarget "YMFortuneTellingTests" */;
			buildPhases = (
				3EEF65BB222EAF07001E5753 /* Sources */,
				3EEF65BC222EAF07001E5753 /* Frameworks */,
				3EEF65BD222EAF07001E5753 /* Resources */,
			);
			buildRules = (
			);
			dependencies = (
				3EEF65C1222EAF07001E5753 /* PBXTargetDependency */,
			);
			name = YMFortuneTellingTests;
			productName = YMFortuneTellingTests;
			productReference = 3EEF65BF222EAF07001E5753 /* YMFortuneTellingTests.xctest */;
			productType = "com.apple.product-type.bundle.unit-test";
		};
		3EEF65C9222EAF07001E5753 /* YMFortuneTellingUITests */ = {
			isa = PBXNativeTarget;
			buildConfigurationList = 3EEF65D9222EAF07001E5753 /* Build configuration list for PBXNativeTarget "YMFortuneTellingUITests" */;
			buildPhases = (
				3EEF65C6222EAF07001E5753 /* Sources */,
				3EEF65C7222EAF07001E5753 /* Frameworks */,
				3EEF65C8222EAF07001E5753 /* Resources */,
			);
			buildRules = (
			);
			dependencies = (
				3EEF65CC222EAF07001E5753 /* PBXTargetDependency */,
			);
			name = YMFortuneTellingUITests;
			productName = YMFortuneTellingUITests;
			productReference = 3EEF65CA222EAF07001E5753 /* YMFortuneTellingUITests.xctest */;
			productType = "com.apple.product-type.bundle.ui-testing";
		};
/* End PBXNativeTarget section */

/* Begin PBXProject section */
		3EEF65A3222EAF06001E5753 /* Project object */ = {
			isa = PBXProject;
			attributes = {
				LastSwiftUpdateCheck = 1010;
				LastUpgradeCheck = 1010;
				ORGANIZATIONNAME = "张博成";
				TargetAttributes = {
					3EEF65AA222EAF06001E5753 = {
						CreatedOnToolsVersion = 10.1;
					};
					3EEF65BE222EAF07001E5753 = {
						CreatedOnToolsVersion = 10.1;
						TestTargetID = 3EEF65AA222EAF06001E5753;
					};
					3EEF65C9222EAF07001E5753 = {
						CreatedOnToolsVersion = 10.1;
						TestTargetID = 3EEF65AA222EAF06001E5753;
					};
				};
			};
			buildConfigurationList = 3EEF65A6222EAF06001E5753 /* Build configuration list for PBXProject "YMFortuneTelling" */;
			compatibilityVersion = "Xcode 9.3";
			developmentRegion = en;
			hasScannedForEncodings = 0;
			knownRegions = (
				en,
				Base,
			);
			mainGroup = 3EEF65A2222EAF06001E5753;
			productRefGroup = 3EEF65AC222EAF06001E5753 /* Products */;
			projectDirPath = "";
			projectRoot = "";
			targets = (
				3EEF65AA222EAF06001E5753 /* YMFortuneTelling */,
				3EEF65BE222EAF07001E5753 /* YMFortuneTellingTests */,
				3EEF65C9222EAF07001E5753 /* YMFortuneTellingUITests */,
			);
		};
/* End PBXProject section */

/* Begin PBXResourcesBuildPhase section */
		3EEF65A9222EAF06001E5753 /* Resources */ = {
			isa = PBXResourcesBuildPhase;
			buildActionMask = 2147483647;
			files = (
				3EEF65B9222EAF07001E5753 /* LaunchScreen.storyboard in Resources */,
				3EEF65B6222EAF07001E5753 /* Assets.xcassets in Resources */,
				3EEF65B4222EAF06001E5753 /* Main.storyboard in Resources */,
			);
			runOnlyForDeploymentPostprocessing = 0;
		};
		3EEF65BD222EAF07001E5753 /* Resources */ = {
			isa = PBXResourcesBuildPhase;
			buildActionMask = 2147483647;
			files = (
			);
			runOnlyForDeploymentPostprocessing = 0;
		};
		3EEF65C8222EAF07001E5753 /* Resources */ = {
			isa = PBXResourcesBuildPhase;
			buildActionMask = 2147483647;
			files = (
			);
			runOnlyForDeploymentPostprocessing = 0;
		};
/* End PBXResourcesBuildPhase section */

/* Begin PBXSourcesBuildPhase section */
		3EEF65A7222EAF06001E5753 /* Sources */ = {
			isa = PBXSourcesBuildPhase;
			buildActionMask = 2147483647;
			files = (
				3EEF65B1222EAF06001E5753 /* ViewController.swift in Sources */,
				3EEF65AF222EAF06001E5753 /* AppDelegate.swift in Sources */,
			);
			runOnlyForDeploymentPostprocessing = 0;
		};
		3EEF65BB222EAF07001E5753 /* Sources */ = {
			isa = PBXSourcesBuildPhase;
			buildActionMask = 2147483647;
			files = (
				3EEF65C4222EAF07001E5753 /* YMFortuneTellingTests.swift in Sources */,
			);
			runOnlyForDeploymentPostprocessing = 0;
		};
		3EEF65C6222EAF07001E5753 /* Sources */ = {
			isa = PBXSourcesBuildPhase;
			buildActionMask = 2147483647;
			files = (
				3EEF65CF222EAF07001E5753 /* YMFortuneTellingUITests.swift in Sources */,
			);
			runOnlyForDeploymentPostprocessing = 0;
		};
/* End PBXSourcesBuildPhase section */

/* Begin PBXTargetDependency section */
		3EEF65C1222EAF07001E5753 /* PBXTargetDependency */ = {
			isa = PBXTargetDependency;
			target = 3EEF65AA222EAF06001E5753 /* YMFortuneTelling */;
			targetProxy = 3EEF65C0222EAF07001E5753 /* PBXContainerItemProxy */;
		};
		3EEF65CC222EAF07001E5753 /* PBXTargetDependency */ = {
			isa = PBXTargetDependency;
			target = 3EEF65AA222EAF06001E5753 /* YMFortuneTelling */;
			targetProxy = 3EEF65CB222EAF07001E5753 /* PBXContainerItemProxy */;
		};
/* End PBXTargetDependency section */

/* Begin PBXVariantGroup section */
		3EEF65B2222EAF06001E5753 /* Main.storyboard */ = {
			isa = PBXVariantGroup;
			children = (
				3EEF65B3222EAF06001E5753 /* Base */,
			);
			name = Main.storyboard;
			sourceTree = "<group>";
		};
		3EEF65B7222EAF07001E5753 /* LaunchScreen.storyboard */ = {
			isa = PBXVariantGroup;
			children = (
				3EEF65B8222EAF07001E5753 /* Base */,
			);
			name = LaunchScreen.storyboard;
			sourceTree = "<group>";
		};
/* End PBXVariantGroup section */

/* Begin XCBuildConfiguration section */
		3EEF65D1222EAF07001E5753 /* Debug */ = {
			isa = XCBuildConfiguration;
			buildSettings = {
				ALWAYS_SEARCH_USER_PATHS = NO;
				CLANG_ANALYZER_NONNULL = YES;
				CLANG_ANALYZER_NUMBER_OBJECT_CONVERSION = YES_AGGRESSIVE;
				CLANG_CXX_LANGUAGE_STANDARD = "gnu++14";
				CLANG_CXX_LIBRARY = "libc++";
				CLANG_ENABLE_MODULES = YES;
				CLANG_ENABLE_OBJC_ARC = YES;
				CLANG_ENABLE_OBJC_WEAK = YES;
				CLANG_WARN_BLOCK_CAPTURE_AUTORELEASING = YES;
				CLANG_WARN_BOOL_CONVERSION = YES;
				CLANG_WARN_COMMA = YES;
				CLANG_WARN_CONSTANT_CONVERSION = YES;
				CLANG_WARN_DEPRECATED_OBJC_IMPLEMENTATIONS = YES;
				CLANG_WARN_DIRECT_OBJC_ISA_USAGE = YES_ERROR;
				CLANG_WARN_DOCUMENTATION_COMMENTS = YES;
				CLANG_WARN_EMPTY_BODY = YES;
				CLANG_WARN_ENUM_CONVERSION = YES;
				CLANG_WARN_INFINITE_RECURSION = YES;
				CLANG_WARN_INT_CONVERSION = YES;
				CLANG_WARN_NON_LITERAL_NULL_CONVERSION = YES;
				CLANG_WARN_OBJC_IMPLICIT_RETAIN_SELF = YES;
				CLANG_WARN_OBJC_LITERAL_CONVERSION = YES;
				CLANG_WARN_OBJC_ROOT_CLASS = YES_ERROR;
				CLANG_WARN_RANGE_LOOP_ANALYSIS = YES;
				CLANG_WARN_STRICT_PROTOTYPES = YES;
				CLANG_WARN_SUSPICIOUS_MOVE = YES;
				CLANG_WARN_UNGUARDED_AVAILABILITY = YES_AGGRESSIVE;
				CLANG_WARN_UNREACHABLE_CODE = YES;
				CLANG_WARN__DUPLICATE_METHOD_MATCH = YES;
				CODE_SIGN_IDENTITY = "iPhone Developer";
				COPY_PHASE_STRIP = NO;
				DEBUG_INFORMATION_FORMAT = dwarf;
				ENABLE_STRICT_OBJC_MSGSEND = YES;
				ENABLE_TESTABILITY = YES;
				GCC_C_LANGUAGE_STANDARD = gnu11;
				GCC_DYNAMIC_NO_PIC = NO;
				GCC_NO_COMMON_BLOCKS = YES;
				GCC_OPTIMIZATION_LEVEL = 0;
				GCC_PREPROCESSOR_DEFINITIONS = (
					"DEBUG=1",
					"$(inherited)",
				);
				GCC_WARN_64_TO_32_BIT_CONVERSION = YES;
				GCC_WARN_ABOUT_RETURN_TYPE = YES_ERROR;
				GCC_WARN_UNDECLARED_SELECTOR = YES;
				GCC_WARN_UNINITIALIZED_AUTOS = YES_AGGRESSIVE;
				GCC_WARN_UNUSED_FUNCTION = YES;
				GCC_WARN_UNUSED_VARIABLE = YES;
				IPHONEOS_DEPLOYMENT_TARGET = 12.1;
				MTL_ENABLE_DEBUG_INFO = INCLUDE_SOURCE;
				MTL_FAST_MATH = YES;
				ONLY_ACTIVE_ARCH = YES;
				SDKROOT = iphoneos;
				SWIFT_ACTIVE_COMPILATION_CONDITIONS = DEBUG;
				SWIFT_OPTIMIZATION_LEVEL = "-Onone";
			};
			name = Debug;
		};
		3EEF65D2222EAF07001E5753 /* Release */ = {
			isa = XCBuildConfiguration;
			buildSettings = {
				ALWAYS_SEARCH_USER_PATHS = NO;
				CLANG_ANALYZER_NONNULL = YES;
				CLANG_ANALYZER_NUMBER_OBJECT_CONVERSION = YES_AGGRESSIVE;
				CLANG_CXX_LANGUAGE_STANDARD = "gnu++14";
				CLANG_CXX_LIBRARY = "libc++";
				CLANG_ENABLE_MODULES = YES;
				CLANG_ENABLE_OBJC_ARC = YES;
				CLANG_ENABLE_OBJC_WEAK = YES;
				CLANG_WARN_BLOCK_CAPTURE_AUTORELEASING = YES;
				CLANG_WARN_BOOL_CONVERSION = YES;
				CLANG_WARN_COMMA = YES;
				CLANG_WARN_CONSTANT_CONVERSION = YES;
				CLANG_WARN_DEPRECATED_OBJC_IMPLEMENTATIONS = YES;
				CLANG_WARN_DIRECT_OBJC_ISA_USAGE = YES_ERROR;
				CLANG_WARN_DOCUMENTATION_COMMENTS = YES;
				CLANG_WARN_EMPTY_BODY = YES;
				CLANG_WARN_ENUM_CONVERSION = YES;
				CLANG_WARN_INFINITE_RECURSION = YES;
				CLANG_WARN_INT_CONVERSION = YES;
				CLANG_WARN_NON_LITERAL_NULL_CONVERSION = YES;
				CLANG_WARN_OBJC_IMPLICIT_RETAIN_SELF = YES;
				CLANG_WARN_OBJC_LITERAL_CONVERSION = YES;
				CLANG_WARN_OBJC_ROOT_CLASS = YES_ERROR;
				CLANG_WARN_RANGE_LOOP_ANALYSIS = YES;
				CLANG_WARN_STRICT_PROTOTYPES = YES;
				CLANG_WARN_SUSPICIOUS_MOVE = YES;
				CLANG_WARN_UNGUARDED_AVAILABILITY = YES_AGGRESSIVE;
				CLANG_WARN_UNREACHABLE_CODE = YES;
				CLANG_WARN__DUPLICATE_METHOD_MATCH = YES;
				CODE_SIGN_IDENTITY = "iPhone Developer";
				COPY_PHASE_STRIP = NO;
				DEBUG_INFORMATION_FORMAT = "dwarf-with-dsym";
				ENABLE_NS_ASSERTIONS = NO;
				ENABLE_STRICT_OBJC_MSGSEND = YES;
				GCC_C_LANGUAGE_STANDARD = gnu11;
				GCC_NO_COMMON_BLOCKS = YES;
				GCC_WARN_64_TO_32_BIT_CONVERSION = YES;
				GCC_WARN_ABOUT_RETURN_TYPE = YES_ERROR;
				GCC_WARN_UNDECLARED_SELECTOR = YES;
				GCC_WARN_UNINITIALIZED_AUTOS = YES_AGGRESSIVE;
				GCC_WARN_UNUSED_FUNCTION = YES;
				GCC_WARN_UNUSED_VARIABLE = YES;
				IPHONEOS_DEPLOYMENT_TARGET = 12.1;
				MTL_ENABLE_DEBUG_INFO = NO;
				MTL_FAST_MATH = YES;
				SDKROOT = iphoneos;
				SWIFT_COMPILATION_MODE = wholemodule;
				SWIFT_OPTIMIZATION_LEVEL = "-O";
				VALIDATE_PRODUCT = YES;
			};
			name = Release;
		};
		3EEF65D4222EAF07001E5753 /* Debug */ = {
			isa = XCBuildConfiguration;
			buildSettings = {
				ASSETCATALOG_COMPILER_APPICON_NAME = AppIcon;
				CODE_SIGN_STYLE = Automatic;
				DEVELOPMENT_TEAM = DJZMX8C9UT;
				INFOPLIST_FILE = YMFortuneTelling/Info.plist;
				LD_RUNPATH_SEARCH_PATHS = (
					"$(inherited)",
					"@executable_path/Frameworks",
				);
				PRODUCT_BUNDLE_IDENTIFIER = zbc.YMFortuneTelling;
				PRODUCT_NAME = "$(TARGET_NAME)";
				SWIFT_VERSION = 4.2;
				TARGETED_DEVICE_FAMILY = "1,2";
			};
			name = Debug;
		};
		3EEF65D5222EAF07001E5753 /* Release */ = {
			isa = XCBuildConfiguration;
			buildSettings = {
				ASSETCATALOG_COMPILER_APPICON_NAME = AppIcon;
				CODE_SIGN_STYLE = Automatic;
				DEVELOPMENT_TEAM = DJZMX8C9UT;
				INFOPLIST_FILE = YMFortuneTelling/Info.plist;
				LD_RUNPATH_SEARCH_PATHS = (
					"$(inherited)",
					"@executable_path/Frameworks",
				);
				PRODUCT_BUNDLE_IDENTIFIER = zbc.YMFortuneTelling;
				PRODUCT_NAME = "$(TARGET_NAME)";
				SWIFT_VERSION = 4.2;
				TARGETED_DEVICE_FAMILY = "1,2";
			};
			name = Release;
		};
		3EEF65D7222EAF07001E5753 /* Debug */ = {
			isa = XCBuildConfiguration;
			buildSettings = {
				ALWAYS_EMBED_SWIFT_STANDARD_LIBRARIES = YES;
				BUNDLE_LOADER = "$(TEST_HOST)";
				CODE_SIGN_STYLE = Automatic;
				DEVELOPMENT_TEAM = DJZMX8C9UT;
				INFOPLIST_FILE = YMFortuneTellingTests/Info.plist;
				LD_RUNPATH_SEARCH_PATHS = (
					"$(inherited)",
					"@executable_path/Frameworks",
					"@loader_path/Frameworks",
				);
				PRODUCT_BUNDLE_IDENTIFIER = zbc.YMFortuneTellingTests;
				PRODUCT_NAME = "$(TARGET_NAME)";
				SWIFT_VERSION = 4.2;
				TARGETED_DEVICE_FAMILY = "1,2";
				TEST_HOST = "$(BUILT_PRODUCTS_DIR)/YMFortuneTelling.app/YMFortuneTelling";
			};
			name = Debug;
		};
		3EEF65D8222EAF07001E5753 /* Release */ = {
			isa = XCBuildConfiguration;
			buildSettings = {
				ALWAYS_EMBED_SWIFT_STANDARD_LIBRARIES = YES;
				BUNDLE_LOADER = "$(TEST_HOST)";
				CODE_SIGN_STYLE = Automatic;
				DEVELOPMENT_TEAM = DJZMX8C9UT;
				INFOPLIST_FILE = YMFortuneTellingTests/Info.plist;
				LD_RUNPATH_SEARCH_PATHS = (
					"$(inherited)",
					"@executable_path/Frameworks",
					"@loader_path/Frameworks",
				);
				PRODUCT_BUNDLE_IDENTIFIER = zbc.YMFortuneTellingTests;
				PRODUCT_NAME = "$(TARGET_NAME)";
				SWIFT_VERSION = 4.2;
				TARGETED_DEVICE_FAMILY = "1,2";
				TEST_HOST = "$(BUILT_PRODUCTS_DIR)/YMFortuneTelling.app/YMFortuneTelling";
			};
			name = Release;
		};
		3EEF65DA222EAF07001E5753 /* Debug */ = {
			isa = XCBuildConfiguration;
			buildSettings = {
				ALWAYS_EMBED_SWIFT_STANDARD_LIBRARIES = YES;
				CODE_SIGN_STYLE = Automatic;
				DEVELOPMENT_TEAM = DJZMX8C9UT;
				INFOPLIST_FILE = YMFortuneTellingUITests/Info.plist;
				LD_RUNPATH_SEARCH_PATHS = (
					"$(inherited)",
					"@executable_path/Frameworks",
					"@loader_path/Frameworks",
				);
				PRODUCT_BUNDLE_IDENTIFIER = zbc.YMFortuneTellingUITests;
				PRODUCT_NAME = "$(TARGET_NAME)";
				SWIFT_VERSION = 4.2;
				TARGETED_DEVICE_FAMILY = "1,2";
				TEST_TARGET_NAME = YMFortuneTelling;
			};
			name = Debug;
		};
		3EEF65DB222EAF07001E5753 /* Release */ = {
			isa = XCBuildConfiguration;
			buildSettings = {
				ALWAYS_EMBED_SWIFT_STANDARD_LIBRARIES = YES;
				CODE_SIGN_STYLE = Automatic;
				DEVELOPMENT_TEAM = DJZMX8C9UT;
				INFOPLIST_FILE = YMFortuneTellingUITests/Info.plist;
				LD_RUNPATH_SEARCH_PATHS = (
					"$(inherited)",
					"@executable_path/Frameworks",
					"@loader_path/Frameworks",
				);
				PRODUCT_BUNDLE_IDENTIFIER = zbc.YMFortuneTellingUITests;
				PRODUCT_NAME = "$(TARGET_NAME)";
				SWIFT_VERSION = 4.2;
				TARGETED_DEVICE_FAMILY = "1,2";
				TEST_TARGET_NAME = YMFortuneTelling;
			};
			name = Release;
		};
/* End XCBuildConfiguration section */

/* Begin XCConfigurationList section */
		3EEF65A6222EAF06001E5753 /* Build configuration list for PBXProject "YMFortuneTelling" */ = {
			isa = XCConfigurationList;
			buildConfigurations = (
				3EEF65D1222EAF07001E5753 /* Debug */,
				3EEF65D2222EAF07001E5753 /* Release */,
			);
			defaultConfigurationIsVisible = 0;
			defaultConfigurationName = Release;
		};
		3EEF65D3222EAF07001E5753 /* Build configuration list for PBXNativeTarget "YMFortuneTelling" */ = {
			isa = XCConfigurationList;
			buildConfigurations = (
				3EEF65D4222EAF07001E5753 /* Debug */,
				3EEF65D5222EAF07001E5753 /* Release */,
			);
			defaultConfigurationIsVisible = 0;
			defaultConfigurationName = Release;
		};
		3EEF65D6222EAF07001E5753 /* Build configuration list for PBXNativeTarget "YMFortuneTellingTests" */ = {
			isa = XCConfigurationList;
			buildConfigurations = (
				3EEF65D7222EAF07001E5753 /* Debug */,
				3EEF65D8222EAF07001E5753 /* Release */,
			);
			defaultConfigurationIsVisible = 0;
			defaultConfigurationName = Release;
		};
		3EEF65D9222EAF07001E5753 /* Build configuration list for PBXNativeTarget "YMFortuneTellingUITests" */ = {
			isa = XCConfigurationList;
			buildConfigurations = (
				3EEF65DA222EAF07001E5753 /* Debug */,
				3EEF65DB222EAF07001E5753 /* Release */,
			);
			defaultConfigurationIsVisible = 0;
			defaultConfigurationName = Release;
		};
/* End XCConfigurationList section */
	};
	rootObject = 3EEF65A3222EAF06001E5753 /* Project object */;
}
